// !$*UTF8*$!
{
	archiveVersion = 1;
	classes = {
	};
	objectVersion = 46;
	objects = {

/* Begin PBXBuildFile section */
		000672801A3D111A005E1480 /* AppDelegate.swift in Sources */ = {isa = PBXBuildFile; fileRef = 0006727F1A3D111A005E1480 /* AppDelegate.swift */; };
		000672821A3D111A005E1480 /* ViewController.swift in Sources */ = {isa = PBXBuildFile; fileRef = 000672811A3D111A005E1480 /* ViewController.swift */; };
		000672851A3D111A005E1480 /* Main.storyboard in Resources */ = {isa = PBXBuildFile; fileRef = 000672831A3D111A005E1480 /* Main.storyboard */; };
		000672871A3D111A005E1480 /* Images.xcassets in Resources */ = {isa = PBXBuildFile; fileRef = 000672861A3D111A005E1480 /* Images.xcassets */; };
		0006728A1A3D111A005E1480 /* LaunchScreen.xib in Resources */ = {isa = PBXBuildFile; fileRef = 000672881A3D111A005E1480 /* LaunchScreen.xib */; };
		000672961A3D111A005E1480 /* _9RedBallonsTests.swift in Sources */ = {isa = PBXBuildFile; fileRef = 000672951A3D111A005E1480 /* _9RedBallonsTests.swift */; };
		000672A01A3D11A6005E1480 /* Balloon.swift in Sources */ = {isa = PBXBuildFile; fileRef = 0006729F1A3D11A6005E1480 /* Balloon.swift */; };
		00B1D07C1A4B722400C26EC3 /* BerlinTVTower.jpg in Resources */ = {isa = PBXBuildFile; fileRef = 00B1D0771A4B722400C26EC3 /* BerlinTVTower.jpg */; };
		00B1D07D1A4B722400C26EC3 /* RedBalloon1.jpg in Resources */ = {isa = PBXBuildFile; fileRef = 00B1D0781A4B722400C26EC3 /* RedBalloon1.jpg */; };
		00B1D07E1A4B722400C26EC3 /* RedBalloon2.jpg in Resources */ = {isa = PBXBuildFile; fileRef = 00B1D0791A4B722400C26EC3 /* RedBalloon2.jpg */; };
		00B1D07F1A4B722400C26EC3 /* RedBalloon3.jpg in Resources */ = {isa = PBXBuildFile; fileRef = 00B1D07A1A4B722400C26EC3 /* RedBalloon3.jpg */; };
		00B1D0801A4B722400C26EC3 /* RedBalloon4.jpg in Resources */ = {isa = PBXBuildFile; fileRef = 00B1D07B1A4B722400C26EC3 /* RedBalloon4.jpg */; };
/* End PBXBuildFile section */

/* Begin PBXContainerItemProxy section */
		000672901A3D111A005E1480 /* PBXContainerItemProxy */ = {
			isa = PBXContainerItemProxy;
			containerPortal = 000672721A3D111A005E1480 /* Project object */;
			proxyType = 1;
			remoteGlobalIDString = 000672791A3D111A005E1480;
			remoteInfo = 99RedBallons;
		};
/* End PBXContainerItemProxy section */

/* Begin PBXFileReference section */
		0006727A1A3D111A005E1480 /* 99RedBallons.app */ = {isa = PBXFileReference; explicitFileType = wrapper.application; includeInIndex = 0; path = 99RedBallons.app; sourceTree = BUILT_PRODUCTS_DIR; };
		0006727E1A3D111A005E1480 /* Info.plist */ = {isa = PBXFileReference; lastKnownFileType = text.plist.xml; path = Info.plist; sourceTree = "<group>"; };
		0006727F1A3D111A005E1480 /* AppDelegate.swift */ = {isa = PBXFileReference; lastKnownFileType = sourcecode.swift; path = AppDelegate.swift; sourceTree = "<group>"; };
		000672811A3D111A005E1480 /* ViewController.swift */ = {isa = PBXFileReference; lastKnownFileType = sourcecode.swift; path = ViewController.swift; sourceTree = "<group>"; };
		000672841A3D111A005E1480 /* Base */ = {isa = PBXFileReference; lastKnownFileType = file.storyboard; name = Base; path = Base.lproj/Main.storyboard; sourceTree = "<group>"; };
		000672861A3D111A005E1480 /* Images.xcassets */ = {isa = PBXFileReference; lastKnownFileType = folder.assetcatalog; path = Images.xcassets; sourceTree = "<group>"; };
		000672891A3D111A005E1480 /* Base */ = {isa = PBXFileReference; lastKnownFileType = file.xib; name = Base; path = Base.lproj/LaunchScreen.xib; sourceTree = "<group>"; };
		0006728F1A3D111A005E1480 /* 99RedBallonsTests.xctest */ = {isa = PBXFileReference; explicitFileType = wrapper.cfbundle; includeInIndex = 0; path = 99RedBallonsTests.xctest; sourceTree = BUILT_PRODUCTS_DIR; };
		000672941A3D111A005E1480 /* Info.plist */ = {isa = PBXFileReference; lastKnownFileType = text.plist.xml; path = Info.plist; sourceTree = "<group>"; };
		000672951A3D111A005E1480 /* _9RedBallonsTests.swift */ = {isa = PBXFileReference; lastKnownFileType = sourcecode.swift; path = _9RedBallonsTests.swift; sourceTree = "<group>"; };
		0006729F1A3D11A6005E1480 /* Balloon.swift */ = {isa = PBXFileReference; fileEncoding = 4; lastKnownFileType = sourcecode.swift; path = Balloon.swift; sourceTree = "<group>"; };
		00B1D0771A4B722400C26EC3 /* BerlinTVTower.jpg */ = {isa = PBXFileReference; lastKnownFileType = image.jpeg; path = BerlinTVTower.jpg; sourceTree = "<group>"; };
		00B1D0781A4B722400C26EC3 /* RedBalloon1.jpg */ = {isa = PBXFileReference; lastKnownFileType = image.jpeg; path = RedBalloon1.jpg; sourceTree = "<group>"; };
		00B1D0791A4B722400C26EC3 /* RedBalloon2.jpg */ = {isa = PBXFileReference; lastKnownFileType = image.jpeg; path = RedBalloon2.jpg; sourceTree = "<group>"; };
		00B1D07A1A4B722400C26EC3 /* RedBalloon3.jpg */ = {isa = PBXFileReference; lastKnownFileType = image.jpeg; path = RedBalloon3.jpg; sourceTree = "<group>"; };
		00B1D07B1A4B722400C26EC3 /* RedBalloon4.jpg */ = {isa = PBXFileReference; lastKnownFileType = image.jpeg; path = RedBalloon4.jpg; sourceTree = "<group>"; };
/* End PBXFileReference section */

/* Begin PBXFrameworksBuildPhase section */
		000672771A3D111A005E1480 /* Frameworks */ = {
			isa = PBXFrameworksBuildPhase;
			buildActionMask = 2147483647;
			files = (
			);
			runOnlyForDeploymentPostprocessing = 0;
		};
		0006728C1A3D111A005E1480 /* Frameworks */ = {
			isa = PBXFrameworksBuildPhase;
			buildActionMask = 2147483647;
			files = (
			);
			runOnlyForDeploymentPostprocessing = 0;
		};
/* End PBXFrameworksBuildPhase section */

/* Begin PBXGroup section */
		000672711A3D111A005E1480 = {
			isa = PBXGroup;
			children = (
				0006727C1A3D111A005E1480 /* 99RedBallons */,
				000672921A3D111A005E1480 /* 99RedBallonsTests */,
				0006727B1A3D111A005E1480 /* Products */,
			);
			sourceTree = "<group>";
		};
		0006727B1A3D111A005E1480 /* Products */ = {
			isa = PBXGroup;
			children = (
				0006727A1A3D111A005E1480 /* 99RedBallons.app */,
				0006728F1A3D111A005E1480 /* 99RedBallonsTests.xctest */,
			);
			name = Products;
			sourceTree = "<group>";
		};
		0006727C1A3D111A005E1480 /* 99RedBallons */ = {
			isa = PBXGroup;
			children = (
				0006727F1A3D111A005E1480 /* AppDelegate.swift */,
				000672811A3D111A005E1480 /* ViewController.swift */,
				0006729F1A3D11A6005E1480 /* Balloon.swift */,
				000672831A3D111A005E1480 /* Main.storyboard */,
				000672861A3D111A005E1480 /* Images.xcassets */,
				000672881A3D111A005E1480 /* LaunchScreen.xib */,
				0006727D1A3D111A005E1480 /* Supporting Files */,
			);
			path = 99RedBallons;
			sourceTree = "<group>";
		};
		0006727D1A3D111A005E1480 /* Supporting Files */ = {
			isa = PBXGroup;
			children = (
				00B1D0771A4B722400C26EC3 /* BerlinTVTower.jpg */,
				00B1D0781A4B722400C26EC3 /* RedBalloon1.jpg */,
				00B1D0791A4B722400C26EC3 /* RedBalloon2.jpg */,
				00B1D07A1A4B722400C26EC3 /* RedBalloon3.jpg */,
				00B1D07B1A4B722400C26EC3 /* RedBalloon4.jpg */,
				0006727E1A3D111A005E1480 /* Info.plist */,
			);
			name = "Supporting Files";
			sourceTree = "<group>";
		};
		000672921A3D111A005E1480 /* 99RedBallonsTests */ = {
			isa = PBXGroup;
			children = (
				000672951A3D111A005E1480 /* _9RedBallonsTests.swift */,
				000672931A3D111A005E1480 /* Supporting Files */,
			);
			path = 99RedBallonsTests;
			sourceTree = "<group>";
		};
		000672931A3D111A005E1480 /* Supporting Files */ = {
			isa = PBXGroup;
			children = (
				000672941A3D111A005E1480 /* Info.plist */,
			);
			name = "Supporting Files";
			sourceTree = "<group>";
		};
/* End PBXGroup section */

/* Begin PBXNativeTarget section */
		000672791A3D111A005E1480 /* 99RedBallons */ = {
			isa = PBXNativeTarget;
			buildConfigurationList = 000672991A3D111A005E1480 /* Build configuration list for PBXNativeTarget "99RedBallons" */;
			buildPhases = (
				000672761A3D111A005E1480 /* Sources */,
				000672771A3D111A005E1480 /* Frameworks */,
				000672781A3D111A005E1480 /* Resources */,
			);
			buildRules = (
			);
			dependencies = (
			);
			name = 99RedBallons;
			productName = 99RedBallons;
			productReference = 0006727A1A3D111A005E1480 /* 99RedBallons.app */;
			productType = "com.apple.product-type.application";
		};
		0006728E1A3D111A005E1480 /* 99RedBallonsTests */ = {
			isa = PBXNativeTarget;
			buildConfigurationList = 0006729C1A3D111A005E1480 /* Build configuration list for PBXNativeTarget "99RedBallonsTests" */;
			buildPhases = (
				0006728B1A3D111A005E1480 /* Sources */,
				0006728C1A3D111A005E1480 /* Frameworks */,
				0006728D1A3D111A005E1480 /* Resources */,
			);
			buildRules = (
			);
			dependencies = (
				000672911A3D111A005E1480 /* PBXTargetDependency */,
			);
			name = 99RedBallonsTests;
			productName = 99RedBallonsTests;
			productReference = 0006728F1A3D111A005E1480 /* 99RedBallonsTests.xctest */;
			productType = "com.apple.product-type.bundle.unit-test";
		};
/* End PBXNativeTarget section */

/* Begin PBXProject section */
		000672721A3D111A005E1480 /* Project object */ = {
			isa = PBXProject;
			attributes = {
				LastUpgradeCheck = 0620;
				ORGANIZATIONNAME = "Dow Publishing LLC";
				TargetAttributes = {
					000672791A3D111A005E1480 = {
						CreatedOnToolsVersion = 6.2;
					};
					0006728E1A3D111A005E1480 = {
						CreatedOnToolsVersion = 6.2;
						TestTargetID = 000672791A3D111A005E1480;
					};
				};
			};
			buildConfigurationList = 000672751A3D111A005E1480 /* Build configuration list for PBXProject "99RedBallons" */;
			compatibilityVersion = "Xcode 3.2";
			developmentRegion = English;
			hasScannedForEncodings = 0;
			knownRegions = (
				en,
				Base,
			);
			mainGroup = 000672711A3D111A005E1480;
			productRefGroup = 0006727B1A3D111A005E1480 /* Products */;
			projectDirPath = "";
			projectRoot = "";
			targets = (
				000672791A3D111A005E1480 /* 99RedBallons */,
				0006728E1A3D111A005E1480 /* 99RedBallonsTests */,
			);
		};
/* End PBXProject section */

/* Begin PBXResourcesBuildPhase section */
		000672781A3D111A005E1480 /* Resources */ = {
			isa = PBXResourcesBuildPhase;
			buildActionMask = 2147483647;
			files = (
				00B1D07E1A4B722400C26EC3 /* RedBalloon2.jpg in Resources */,
				000672851A3D111A005E1480 /* Main.storyboard in Resources */,
				00B1D07F1A4B722400C26EC3 /* RedBalloon3.jpg in Resources */,
				0006728A1A3D111A005E1480 /* LaunchScreen.xib in Resources */,
				00B1D0801A4B722400C26EC3 /* RedBalloon4.jpg in Resources */,
				000672871A3D111A005E1480 /* Images.xcassets in Resources */,
				00B1D07D1A4B722400C26EC3 /* RedBalloon1.jpg in Resources */,
				00B1D07C1A4B722400C26EC3 /* BerlinTVTower.jpg in Resources */,
			);
			runOnlyForDeploymentPostprocessing = 0;
		};
		0006728D1A3D111A005E1480 /* Resources */ = {
			isa = PBXResourcesBuildPhase;
			buildActionMask = 2147483647;
			files = (
			);
			runOnlyForDeploymentPostprocessing = 0;
		};
/* End PBXResourcesBuildPhase section */

/* Begin PBXSourcesBuildPhase section */
		000672761A3D111A005E1480 /* Sources */ = {
			isa = PBXSourcesBuildPhase;
			buildActionMask = 2147483647;
			files = (
				000672821A3D111A005E1480 /* ViewController.swift in Sources */,
				000672A01A3D11A6005E1480 /* Balloon.swift in Sources */,
				000672801A3D111A005E1480 /* AppDelegate.swift in Sources */,
			);
			runOnlyForDeploymentPostprocessing = 0;
		};
		0006728B1A3D111A005E1480 /* Sources */ = {
			isa = PBXSourcesBuildPhase;
			buildActionMask = 2147483647;
			files = (
				000672961A3D111A005E1480 /* _9RedBallonsTests.swift in Sources */,
			);
			runOnlyForDeploymentPostprocessing = 0;
		};
/* End PBXSourcesBuildPhase section */

/* Begin PBXTargetDependency section */
		000672911A3D111A005E1480 /* PBXTargetDependency */ = {
			isa = PBXTargetDependency;
			target = 000672791A3D111A005E1480 /* 99RedBallons */;
			targetProxy = 000672901A3D111A005E1480 /* PBXContainerItemProxy */;
		};
/* End PBXTargetDependency section */

/* Begin PBXVariantGroup section */
		000672831A3D111A005E1480 /* Main.storyboard */ = {
			isa = PBXVariantGroup;
			children = (
				000672841A3D111A005E1480 /* Base */,
			);
			name = Main.storyboard;
			sourceTree = "<group>";
		};
		000672881A3D111A005E1480 /* LaunchScreen.xib */ = {
			isa = PBXVariantGroup;
			children = (
				000672891A3D111A005E1480 /* Base */,
			);
			name = LaunchScreen.xib;
			sourceTree = "<group>";
		};
/* End PBXVariantGroup section */

/* Begin XCBuildConfiguration section */
		000672971A3D111A005E1480 /* Debug */ = {
			isa = XCBuildConfiguration;
			buildSettings = {
				ALWAYS_SEARCH_USER_PATHS = NO;
				CLANG_CXX_LANGUAGE_STANDARD = "gnu++0x";
				CLANG_CXX_LIBRARY = "libc++";
				CLANG_ENABLE_MODULES = YES;
				CLANG_ENABLE_OBJC_ARC = YES;
				CLANG_WARN_BOOL_CONVERSION = YES;
				CLANG_WARN_CONSTANT_CONVERSION = YES;
				CLANG_WARN_DIRECT_OBJC_ISA_USAGE = YES_ERROR;
				CLANG_WARN_EMPTY_BODY = YES;
				CLANG_WARN_ENUM_CONVERSION = YES;
				CLANG_WARN_INT_CONVERSION = YES;
				CLANG_WARN_OBJC_ROOT_CLASS = YES_ERROR;
				CLANG_WARN_UNREACHABLE_CODE = YES;
				CLANG_WARN__DUPLICATE_METHOD_MATCH = YES;
				"CODE_SIGN_IDENTITY[sdk=iphoneos*]" = "iPhone Developer";
				COPY_PHASE_STRIP = NO;
				ENABLE_STRICT_OBJC_MSGSEND = YES;
				GCC_C_LANGUAGE_STANDARD = gnu99;
				GCC_DYNAMIC_NO_PIC = NO;
				GCC_OPTIMIZATION_LEVEL = 0;
				GCC_PREPROCESSOR_DEFINITIONS = (
					"DEBUG=1",
					"$(inherited)",
				);
				GCC_SYMBOLS_PRIVATE_EXTERN = NO;
				GCC_WARN_64_TO_32_BIT_CONVERSION = YES;
				GCC_WARN_ABOUT_RETURN_TYPE = YES_ERROR;
				GCC_WARN_UNDECLARED_SELECTOR = YES;
				GCC_WARN_UNINITIALIZED_AUTOS = YES_AGGRESSIVE;
				GCC_WARN_UNUSED_FUNCTION = YES;
				GCC_WARN_UNUSED_VARIABLE = YES;
				IPHONEOS_DEPLOYMENT_TARGET = 8.2;
				MTL_ENABLE_DEBUG_INFO = YES;
				ONLY_ACTIVE_ARCH = YES;
				SDKROOT = iphoneos;
				SWIFT_OPTIMIZATION_LEVEL = "-Onone";
				TARGETED_DEVICE_FAMILY = "1,2";
			};
			name = Debug;
		};
		000672981A3D111A005E1480 /* Release */ = {
			isa = XCBuildConfiguration;
			buildSettings = {
				ALWAYS_SEARCH_USER_PATHS = NO;
				CLANG_CXX_LANGUAGE_STANDARD = "gnu++0x";
				CLANG_CXX_LIBRARY = "libc++";
				CLANG_ENABLE_MODULES = YES;
				CLANG_ENABLE_OBJC_ARC = YES;
				CLANG_WARN_BOOL_CONVERSION = YES;
				CLANG_WARN_CONSTANT_CONVERSION = YES;
				CLANG_WARN_DIRECT_OBJC_ISA_USAGE = YES_ERROR;
				CLANG_WARN_EMPTY_BODY = YES;
				CLANG_WARN_ENUM_CONVERSION = YES;
				CLANG_WARN_INT_CONVERSION = YES;
				CLANG_WARN_OBJC_ROOT_CLASS = YES_ERROR;
				CLANG_WARN_UNREACHABLE_CODE = YES;
				CLANG_WARN__DUPLICATE_METHOD_MATCH = YES;
				"CODE_SIGN_IDENTITY[sdk=iphoneos*]" = "iPhone Developer";
				COPY_PHASE_STRIP = YES;
				ENABLE_NS_ASSERTIONS = NO;
				ENABLE_STRICT_OBJC_MSGSEND = YES;
				GCC_C_LANGUAGE_STANDARD = gnu99;
				GCC_WARN_64_TO_32_BIT_CONVERSION = YES;
				GCC_WARN_ABOUT_RETURN_TYPE = YES_ERROR;
				GCC_WARN_UNDECLARED_SELECTOR = YES;
				GCC_WARN_UNINITIALIZED_AUTOS = YES_AGGRESSIVE;
				GCC_WARN_UNUSED_FUNCTION = YES;
				GCC_WARN_UNUSED_VARIABLE = YES;
				IPHONEOS_DEPLOYMENT_TARGET = 8.2;
				MTL_ENABLE_DEBUG_INFO = NO;
				SDKROOT = iphoneos;
				TARGETED_DEVICE_FAMILY = "1,2";
				VALIDATE_PRODUCT = YES;
			};
			name = Release;
		};
		0006729A1A3D111A005E1480 /* Debug */ = {
			isa = XCBuildConfiguration;
			buildSettings = {
				ASSETCATALOG_COMPILER_APPICON_NAME = AppIcon;
				INFOPLIST_FILE = 99RedBallons/Info.plist;
				LD_RUNPATH_SEARCH_PATHS = "$(inherited) @executable_path/Frameworks";
				PRODUCT_NAME = "$(TARGET_NAME)";
			};
			name = Debug;
		};
		0006729B1A3D111A005E1480 /* Release */ = {
			isa = XCBuildConfiguration;
			buildSettings = {
				ASSETCATALOG_COMPILER_APPICON_NAME = AppIcon;
				INFOPLIST_FILE = 99RedBallons/Info.plist;
				LD_RUNPATH_SEARCH_PATHS = "$(inherited) @executable_path/Frameworks";
				PRODUCT_NAME = "$(TARGET_NAME)";
			};
			name = Release;
		};
		0006729D1A3D111A005E1480 /* Debug */ = {
			isa = XCBuildConfiguration;
			buildSettings = {
				BUNDLE_LOADER = "$(TEST_HOST)";
				FRAMEWORK_SEARCH_PATHS = (
					"$(SDKROOT)/Developer/Library/Frameworks",
					"$(inherited)",
				);
				GCC_PREPROCESSOR_DEFINITIONS = (
					"DEBUG=1",
					"$(inherited)",
				);
				INFOPLIST_FILE = 99RedBallonsTests/Info.plist;
				LD_RUNPATH_SEARCH_PATHS = "$(inherited) @executable_path/Frameworks @loader_path/Frameworks";
				PRODUCT_NAME = "$(TARGET_NAME)";
				TEST_HOST = "$(BUILT_PRODUCTS_DIR)/99RedBallons.app/99RedBallons";
			};
			name = Debug;
		};
		0006729E1A3D111A005E1480 /* Release */ = {
			isa = XCBuildConfiguration;
			buildSettings = {
				BUNDLE_LOADER = "$(TEST_HOST)";
				FRAMEWORK_SEARCH_PATHS = (
					"$(SDKROOT)/Developer/Library/Frameworks",
					"$(inherited)",
				);
				INFOPLIST_FILE = 99RedBallonsTests/Info.plist;
				LD_RUNPATH_SEARCH_PATHS = "$(inherited) @executable_path/Frameworks @loader_path/Frameworks";
				PRODUCT_NAME = "$(TARGET_NAME)";
				TEST_HOST = "$(BUILT_PRODUCTS_DIR)/99RedBallons.app/99RedBallons";
			};
			name = Release;
		};
/* End XCBuildConfiguration section */

/* Begin XCConfigurationList section */
		000672751A3D111A005E1480 /* Build configuration list for PBXProject "99RedBallons" */ = {
			isa = XCConfigurationList;
			buildConfigurations = (
				000672971A3D111A005E1480 /* Debug */,
				000672981A3D111A005E1480 /* Release */,
			);
			defaultConfigurationIsVisible = 0;
			defaultConfigurationName = Release;
		};
		000672991A3D111A005E1480 /* Build configuration list for PBXNativeTarget "99RedBallons" */ = {
			isa = XCConfigurationList;
			buildConfigurations = (
				0006729A1A3D111A005E1480 /* Debug */,
				0006729B1A3D111A005E1480 /* Release */,
			);
			defaultConfigurationIsVisible = 0;
			defaultConfigurationName = Release;
		};
		0006729C1A3D111A005E1480 /* Build configuration list for PBXNativeTarget "99RedBallonsTests" */ = {
			isa = XCConfigurationList;
			buildConfigurations = (
				0006729D1A3D111A005E1480 /* Debug */,
				0006729E1A3D111A005E1480 /* Release */,
			);
			defaultConfigurationIsVisible = 0;
			defaultConfigurationName = Release;
		};
/* End XCConfigurationList section */
	};
	rootObject = 000672721A3D111A005E1480 /* Project object */;
}
